// !$*UTF8*$!
{
	archiveVersion = 1;
	classes = {
	};
	objectVersion = 50;
	objects = {

/* Begin PBXBuildFile section */
		5627EE8E2490EC9E00174DD0 /* DataManager.swift in Sources */ = {isa = PBXBuildFile; fileRef = 5627EE8D2490EC9E00174DD0 /* DataManager.swift */; };
		566943962491ECBA00B861FA /* TabBarViewController.swift in Sources */ = {isa = PBXBuildFile; fileRef = 566943952491ECBA00B861FA /* TabBarViewController.swift */; };
		566943982491F6A900B861FA /* ContactListMoreInfoViewController.swift in Sources */ = {isa = PBXBuildFile; fileRef = 566943972491F6A900B861FA /* ContactListMoreInfoViewController.swift */; };
		5696FB4D248FBC03008EEEC6 /* AppDelegate.swift in Sources */ = {isa = PBXBuildFile; fileRef = 5696FB4C248FBC03008EEEC6 /* AppDelegate.swift */; };
		5696FB4F248FBC03008EEEC6 /* SceneDelegate.swift in Sources */ = {isa = PBXBuildFile; fileRef = 5696FB4E248FBC03008EEEC6 /* SceneDelegate.swift */; };
		5696FB54248FBC03008EEEC6 /* Main.storyboard in Resources */ = {isa = PBXBuildFile; fileRef = 5696FB52248FBC03008EEEC6 /* Main.storyboard */; };
		5696FB56248FBC04008EEEC6 /* Assets.xcassets in Resources */ = {isa = PBXBuildFile; fileRef = 5696FB55248FBC04008EEEC6 /* Assets.xcassets */; };
		5696FB59248FBC04008EEEC6 /* LaunchScreen.storyboard in Resources */ = {isa = PBXBuildFile; fileRef = 5696FB57248FBC04008EEEC6 /* LaunchScreen.storyboard */; };
		5696FB66248FBD93008EEEC6 /* Person.swift in Sources */ = {isa = PBXBuildFile; fileRef = 5696FB65248FBD93008EEEC6 /* Person.swift */; };
		5696FB68248FC3E4008EEEC6 /* ContactListViewController.swift in Sources */ = {isa = PBXBuildFile; fileRef = 5696FB67248FC3E4008EEEC6 /* ContactListViewController.swift */; };
		5696FB6A248FC6BF008EEEC6 /* ContactListDetailsViewController.swift in Sources */ = {isa = PBXBuildFile; fileRef = 5696FB69248FC6BF008EEEC6 /* ContactListDetailsViewController.swift */; };
/* End PBXBuildFile section */

/* Begin PBXFileReference section */
		5627EE8D2490EC9E00174DD0 /* DataManager.swift */ = {isa = PBXFileReference; lastKnownFileType = sourcecode.swift; path = DataManager.swift; sourceTree = "<group>"; };
		566943952491ECBA00B861FA /* TabBarViewController.swift */ = {isa = PBXFileReference; lastKnownFileType = sourcecode.swift; path = TabBarViewController.swift; sourceTree = "<group>"; };
		566943972491F6A900B861FA /* ContactListMoreInfoViewController.swift */ = {isa = PBXFileReference; lastKnownFileType = sourcecode.swift; path = ContactListMoreInfoViewController.swift; sourceTree = "<group>"; };
		5696FB49248FBC03008EEEC6 /* ContactListApp.app */ = {isa = PBXFileReference; explicitFileType = wrapper.application; includeInIndex = 0; path = ContactListApp.app; sourceTree = BUILT_PRODUCTS_DIR; };
		5696FB4C248FBC03008EEEC6 /* AppDelegate.swift */ = {isa = PBXFileReference; lastKnownFileType = sourcecode.swift; path = AppDelegate.swift; sourceTree = "<group>"; };
		5696FB4E248FBC03008EEEC6 /* SceneDelegate.swift */ = {isa = PBXFileReference; lastKnownFileType = sourcecode.swift; path = SceneDelegate.swift; sourceTree = "<group>"; };
		5696FB53248FBC03008EEEC6 /* Base */ = {isa = PBXFileReference; lastKnownFileType = file.storyboard; name = Base; path = Base.lproj/Main.storyboard; sourceTree = "<group>"; };
		5696FB55248FBC04008EEEC6 /* Assets.xcassets */ = {isa = PBXFileReference; lastKnownFileType = folder.assetcatalog; path = Assets.xcassets; sourceTree = "<group>"; };
		5696FB58248FBC04008EEEC6 /* Base */ = {isa = PBXFileReference; lastKnownFileType = file.storyboard; name = Base; path = Base.lproj/LaunchScreen.storyboard; sourceTree = "<group>"; };
		5696FB5A248FBC04008EEEC6 /* Info.plist */ = {isa = PBXFileReference; lastKnownFileType = text.plist.xml; path = Info.plist; sourceTree = "<group>"; };
		5696FB65248FBD93008EEEC6 /* Person.swift */ = {isa = PBXFileReference; lastKnownFileType = sourcecode.swift; path = Person.swift; sourceTree = "<group>"; };
		5696FB67248FC3E4008EEEC6 /* ContactListViewController.swift */ = {isa = PBXFileReference; lastKnownFileType = sourcecode.swift; path = ContactListViewController.swift; sourceTree = "<group>"; };
		5696FB69248FC6BF008EEEC6 /* ContactListDetailsViewController.swift */ = {isa = PBXFileReference; lastKnownFileType = sourcecode.swift; path = ContactListDetailsViewController.swift; sourceTree = "<group>"; };
/* End PBXFileReference section */

/* Begin PBXFrameworksBuildPhase section */
		5696FB46248FBC03008EEEC6 /* Frameworks */ = {
			isa = PBXFrameworksBuildPhase;
			buildActionMask = 2147483647;
			files = (
			);
			runOnlyForDeploymentPostprocessing = 0;
		};
/* End PBXFrameworksBuildPhase section */

/* Begin PBXGroup section */
		5696FB40248FBC03008EEEC6 = {
			isa = PBXGroup;
			children = (
				5696FB4B248FBC03008EEEC6 /* ContactListApp */,
				5696FB4A248FBC03008EEEC6 /* Products */,
			);
			sourceTree = "<group>";
		};
		5696FB4A248FBC03008EEEC6 /* Products */ = {
			isa = PBXGroup;
			children = (
				5696FB49248FBC03008EEEC6 /* ContactListApp.app */,
			);
			name = Products;
			sourceTree = "<group>";
		};
		5696FB4B248FBC03008EEEC6 /* ContactListApp */ = {
			isa = PBXGroup;
			children = (
				5696FB60248FBC3C008EEEC6 /* ViewControlers */,
				5696FB61248FBC56008EEEC6 /* Models */,
				5696FB62248FBC98008EEEC6 /* Storyboards */,
				5696FB63248FBCBE008EEEC6 /* SupportingFiles */,
				5696FB64248FBCE6008EEEC6 /* Sources */,
			);
			path = ContactListApp;
			sourceTree = "<group>";
		};
		5696FB60248FBC3C008EEEC6 /* ViewControlers */ = {
			isa = PBXGroup;
			children = (
				566943952491ECBA00B861FA /* TabBarViewController.swift */,
				5696FB67248FC3E4008EEEC6 /* ContactListViewController.swift */,
				566943972491F6A900B861FA /* ContactListMoreInfoViewController.swift */,
				5696FB69248FC6BF008EEEC6 /* ContactListDetailsViewController.swift */,
			);
			path = ViewControlers;
			sourceTree = "<group>";
		};
		5696FB61248FBC56008EEEC6 /* Models */ = {
			isa = PBXGroup;
			children = (
				5696FB65248FBD93008EEEC6 /* Person.swift */,
				5627EE8D2490EC9E00174DD0 /* DataManager.swift */,
			);
			path = Models;
			sourceTree = "<group>";
		};
		5696FB62248FBC98008EEEC6 /* Storyboards */ = {
			isa = PBXGroup;
			children = (
				5696FB52248FBC03008EEEC6 /* Main.storyboard */,
				5696FB57248FBC04008EEEC6 /* LaunchScreen.storyboard */,
			);
			path = Storyboards;
			sourceTree = "<group>";
		};
		5696FB63248FBCBE008EEEC6 /* SupportingFiles */ = {
			isa = PBXGroup;
			children = (
				5696FB4C248FBC03008EEEC6 /* AppDelegate.swift */,
				5696FB4E248FBC03008EEEC6 /* SceneDelegate.swift */,
				5696FB5A248FBC04008EEEC6 /* Info.plist */,
			);
			path = SupportingFiles;
			sourceTree = "<group>";
		};
		5696FB64248FBCE6008EEEC6 /* Sources */ = {
			isa = PBXGroup;
			children = (
				5696FB55248FBC04008EEEC6 /* Assets.xcassets */,
			);
			path = Sources;
			sourceTree = "<group>";
		};
/* End PBXGroup section */

/* Begin PBXNativeTarget section */
		5696FB48248FBC03008EEEC6 /* ContactListApp */ = {
			isa = PBXNativeTarget;
			buildConfigurationList = 5696FB5D248FBC04008EEEC6 /* Build configuration list for PBXNativeTarget "ContactListApp" */;
			buildPhases = (
				5696FB45248FBC03008EEEC6 /* Sources */,
				5696FB46248FBC03008EEEC6 /* Frameworks */,
				5696FB47248FBC03008EEEC6 /* Resources */,
			);
			buildRules = (
			);
			dependencies = (
			);
			name = ContactListApp;
			productName = ContactListApp;
			productReference = 5696FB49248FBC03008EEEC6 /* ContactListApp.app */;
			productType = "com.apple.product-type.application";
		};
/* End PBXNativeTarget section */

/* Begin PBXProject section */
		5696FB41248FBC03008EEEC6 /* Project object */ = {
			isa = PBXProject;
			attributes = {
				LastSwiftUpdateCheck = 1140;
				LastUpgradeCheck = 1140;
				ORGANIZATIONNAME = "Egor Ukolov";
				TargetAttributes = {
					5696FB48248FBC03008EEEC6 = {
						CreatedOnToolsVersion = 11.4;
					};
				};
			};
			buildConfigurationList = 5696FB44248FBC03008EEEC6 /* Build configuration list for PBXProject "ContactListApp" */;
			compatibilityVersion = "Xcode 9.3";
			developmentRegion = en;
			hasScannedForEncodings = 0;
			knownRegions = (
				en,
				Base,
			);
			mainGroup = 5696FB40248FBC03008EEEC6;
			productRefGroup = 5696FB4A248FBC03008EEEC6 /* Products */;
			projectDirPath = "";
			projectRoot = "";
			targets = (
				5696FB48248FBC03008EEEC6 /* ContactListApp */,
			);
		};
/* End PBXProject section */

/* Begin PBXResourcesBuildPhase section */
		5696FB47248FBC03008EEEC6 /* Resources */ = {
			isa = PBXResourcesBuildPhase;
			buildActionMask = 2147483647;
			files = (
				5696FB59248FBC04008EEEC6 /* LaunchScreen.storyboard in Resources */,
				5696FB56248FBC04008EEEC6 /* Assets.xcassets in Resources */,
				5696FB54248FBC03008EEEC6 /* Main.storyboard in Resources */,
			);
			runOnlyForDeploymentPostprocessing = 0;
		};
/* End PBXResourcesBuildPhase section */

/* Begin PBXSourcesBuildPhase section */
		5696FB45248FBC03008EEEC6 /* Sources */ = {
			isa = PBXSourcesBuildPhase;
			buildActionMask = 2147483647;
			files = (
				566943982491F6A900B861FA /* ContactListMoreInfoViewController.swift in Sources */,
				5696FB4D248FBC03008EEEC6 /* AppDelegate.swift in Sources */,
				5627EE8E2490EC9E00174DD0 /* DataManager.swift in Sources */,
				5696FB68248FC3E4008EEEC6 /* ContactListViewController.swift in Sources */,
				5696FB66248FBD93008EEEC6 /* Person.swift in Sources */,
				566943962491ECBA00B861FA /* TabBarViewController.swift in Sources */,
				5696FB6A248FC6BF008EEEC6 /* ContactListDetailsViewController.swift in Sources */,
				5696FB4F248FBC03008EEEC6 /* SceneDelegate.swift in Sources */,
			);
			runOnlyForDeploymentPostprocessing = 0;
		};
/* End PBXSourcesBuildPhase section */

/* Begin PBXVariantGroup section */
		5696FB52248FBC03008EEEC6 /* Main.storyboard */ = {
			isa = PBXVariantGroup;
			children = (
				5696FB53248FBC03008EEEC6 /* Base */,
			);
			name = Main.storyboard;
			sourceTree = "<group>";
		};
		5696FB57248FBC04008EEEC6 /* LaunchScreen.storyboard */ = {
			isa = PBXVariantGroup;
			children = (
				5696FB58248FBC04008EEEC6 /* Base */,
			);
			name = LaunchScreen.storyboard;
			sourceTree = "<group>";
		};
/* End PBXVariantGroup section */

/* Begin XCBuildConfiguration section */
		5696FB5B248FBC04008EEEC6 /* Debug */ = {
			isa = XCBuildConfiguration;
			buildSettings = {
				ALWAYS_SEARCH_USER_PATHS = NO;
				CLANG_ANALYZER_NONNULL = YES;
				CLANG_ANALYZER_NUMBER_OBJECT_CONVERSION = YES_AGGRESSIVE;
				CLANG_CXX_LANGUAGE_STANDARD = "gnu++14";
				CLANG_CXX_LIBRARY = "libc++";
				CLANG_ENABLE_MODULES = YES;
				CLANG_ENABLE_OBJC_ARC = YES;
				CLANG_ENABLE_OBJC_WEAK = YES;
				CLANG_WARN_BLOCK_CAPTURE_AUTORELEASING = YES;
				CLANG_WARN_BOOL_CONVERSION = YES;
				CLANG_WARN_COMMA = YES;
				CLANG_WARN_CONSTANT_CONVERSION = YES;
				CLANG_WARN_DEPRECATED_OBJC_IMPLEMENTATIONS = YES;
				CLANG_WARN_DIRECT_OBJC_ISA_USAGE = YES_ERROR;
				CLANG_WARN_DOCUMENTATION_COMMENTS = YES;
				CLANG_WARN_EMPTY_BODY = YES;
				CLANG_WARN_ENUM_CONVERSION = YES;
				CLANG_WARN_INFINITE_RECURSION = YES;
				CLANG_WARN_INT_CONVERSION = YES;
				CLANG_WARN_NON_LITERAL_NULL_CONVERSION = YES;
				CLANG_WARN_OBJC_IMPLICIT_RETAIN_SELF = YES;
				CLANG_WARN_OBJC_LITERAL_CONVERSION = YES;
				CLANG_WARN_OBJC_ROOT_CLASS = YES_ERROR;
				CLANG_WARN_RANGE_LOOP_ANALYSIS = YES;
				CLANG_WARN_STRICT_PROTOTYPES = YES;
				CLANG_WARN_SUSPICIOUS_MOVE = YES;
				CLANG_WARN_UNGUARDED_AVAILABILITY = YES_AGGRESSIVE;
				CLANG_WARN_UNREACHABLE_CODE = YES;
				CLANG_WARN__DUPLICATE_METHOD_MATCH = YES;
				COPY_PHASE_STRIP = NO;
				DEBUG_INFORMATION_FORMAT = dwarf;
				ENABLE_STRICT_OBJC_MSGSEND = YES;
				ENABLE_TESTABILITY = YES;
				GCC_C_LANGUAGE_STANDARD = gnu11;
				GCC_DYNAMIC_NO_PIC = NO;
				GCC_NO_COMMON_BLOCKS = YES;
				GCC_OPTIMIZATION_LEVEL = 0;
				GCC_PREPROCESSOR_DEFINITIONS = (
					"DEBUG=1",
					"$(inherited)",
				);
				GCC_WARN_64_TO_32_BIT_CONVERSION = YES;
				GCC_WARN_ABOUT_RETURN_TYPE = YES_ERROR;
				GCC_WARN_UNDECLARED_SELECTOR = YES;
				GCC_WARN_UNINITIALIZED_AUTOS = YES_AGGRESSIVE;
				GCC_WARN_UNUSED_FUNCTION = YES;
				GCC_WARN_UNUSED_VARIABLE = YES;
				IPHONEOS_DEPLOYMENT_TARGET = 13.4;
				MTL_ENABLE_DEBUG_INFO = INCLUDE_SOURCE;
				MTL_FAST_MATH = YES;
				ONLY_ACTIVE_ARCH = YES;
				SDKROOT = iphoneos;
				SWIFT_ACTIVE_COMPILATION_CONDITIONS = DEBUG;
				SWIFT_OPTIMIZATION_LEVEL = "-Onone";
			};
			name = Debug;
		};
		5696FB5C248FBC04008EEEC6 /* Release */ = {
			isa = XCBuildConfiguration;
			buildSettings = {
				ALWAYS_SEARCH_USER_PATHS = NO;
				CLANG_ANALYZER_NONNULL = YES;
				CLANG_ANALYZER_NUMBER_OBJECT_CONVERSION = YES_AGGRESSIVE;
				CLANG_CXX_LANGUAGE_STANDARD = "gnu++14";
				CLANG_CXX_LIBRARY = "libc++";
				CLANG_ENABLE_MODULES = YES;
				CLANG_ENABLE_OBJC_ARC = YES;
				CLANG_ENABLE_OBJC_WEAK = YES;
				CLANG_WARN_BLOCK_CAPTURE_AUTORELEASING = YES;
				CLANG_WARN_BOOL_CONVERSION = YES;
				CLANG_WARN_COMMA = YES;
				CLANG_WARN_CONSTANT_CONVERSION = YES;
				CLANG_WARN_DEPRECATED_OBJC_IMPLEMENTATIONS = YES;
				CLANG_WARN_DIRECT_OBJC_ISA_USAGE = YES_ERROR;
				CLANG_WARN_DOCUMENTATION_COMMENTS = YES;
				CLANG_WARN_EMPTY_BODY = YES;
				CLANG_WARN_ENUM_CONVERSION = YES;
				CLANG_WARN_INFINITE_RECURSION = YES;
				CLANG_WARN_INT_CONVERSION = YES;
				CLANG_WARN_NON_LITERAL_NULL_CONVERSION = YES;
				CLANG_WARN_OBJC_IMPLICIT_RETAIN_SELF = YES;
				CLANG_WARN_OBJC_LITERAL_CONVERSION = YES;
				CLANG_WARN_OBJC_ROOT_CLASS = YES_ERROR;
				CLANG_WARN_RANGE_LOOP_ANALYSIS = YES;
				CLANG_WARN_STRICT_PROTOTYPES = YES;
				CLANG_WARN_SUSPICIOUS_MOVE = YES;
				CLANG_WARN_UNGUARDED_AVAILABILITY = YES_AGGRESSIVE;
				CLANG_WARN_UNREACHABLE_CODE = YES;
				CLANG_WARN__DUPLICATE_METHOD_MATCH = YES;
				COPY_PHASE_STRIP = NO;
				DEBUG_INFORMATION_FORMAT = "dwarf-with-dsym";
				ENABLE_NS_ASSERTIONS = NO;
				ENABLE_STRICT_OBJC_MSGSEND = YES;
				GCC_C_LANGUAGE_STANDARD = gnu11;
				GCC_NO_COMMON_BLOCKS = YES;
				GCC_WARN_64_TO_32_BIT_CONVERSION = YES;
				GCC_WARN_ABOUT_RETURN_TYPE = YES_ERROR;
				GCC_WARN_UNDECLARED_SELECTOR = YES;
				GCC_WARN_UNINITIALIZED_AUTOS = YES_AGGRESSIVE;
				GCC_WARN_UNUSED_FUNCTION = YES;
				GCC_WARN_UNUSED_VARIABLE = YES;
				IPHONEOS_DEPLOYMENT_TARGET = 13.4;
				MTL_ENABLE_DEBUG_INFO = NO;
				MTL_FAST_MATH = YES;
				SDKROOT = iphoneos;
				SWIFT_COMPILATION_MODE = wholemodule;
				SWIFT_OPTIMIZATION_LEVEL = "-O";
				VALIDATE_PRODUCT = YES;
			};
			name = Release;
		};
		5696FB5E248FBC04008EEEC6 /* Debug */ = {
			isa = XCBuildConfiguration;
			buildSettings = {
				ASSETCATALOG_COMPILER_APPICON_NAME = AppIcon;
				CODE_SIGN_STYLE = Automatic;
				DEVELOPMENT_TEAM = 48X7U22M49;
				INFOPLIST_FILE = ContactListApp/SupportingFiles/Info.plist;
				LD_RUNPATH_SEARCH_PATHS = (
					"$(inherited)",
					"@executable_path/Frameworks",
				);
				PRODUCT_BUNDLE_IDENTIFIER = "ru.ukolovegor23-yandex.ContactListApp";
				PRODUCT_NAME = "$(TARGET_NAME)";
				SWIFT_VERSION = 5.0;
				TARGETED_DEVICE_FAMILY = 1;
			};
			name = Debug;
		};
		5696FB5F248FBC04008EEEC6 /* Release */ = {
			isa = XCBuildConfiguration;
			buildSettings = {
				ASSETCATALOG_COMPILER_APPICON_NAME = AppIcon;
				CODE_SIGN_STYLE = Automatic;
				DEVELOPMENT_TEAM = 48X7U22M49;
				INFOPLIST_FILE = ContactListApp/SupportingFiles/Info.plist;
				LD_RUNPATH_SEARCH_PATHS = (
					"$(inherited)",
					"@executable_path/Frameworks",
				);
				PRODUCT_BUNDLE_IDENTIFIER = "ru.ukolovegor23-yandex.ContactListApp";
				PRODUCT_NAME = "$(TARGET_NAME)";
				SWIFT_VERSION = 5.0;
				TARGETED_DEVICE_FAMILY = 1;
			};
			name = Release;
		};
/* End XCBuildConfiguration section */

/* Begin XCConfigurationList section */
		5696FB44248FBC03008EEEC6 /* Build configuration list for PBXProject "ContactListApp" */ = {
			isa = XCConfigurationList;
			buildConfigurations = (
				5696FB5B248FBC04008EEEC6 /* Debug */,
				5696FB5C248FBC04008EEEC6 /* Release */,
			);
			defaultConfigurationIsVisible = 0;
			defaultConfigurationName = Release;
		};
		5696FB5D248FBC04008EEEC6 /* Build configuration list for PBXNativeTarget "ContactListApp" */ = {
			isa = XCConfigurationList;
			buildConfigurations = (
				5696FB5E248FBC04008EEEC6 /* Debug */,
				5696FB5F248FBC04008EEEC6 /* Release */,
			);
			defaultConfigurationIsVisible = 0;
			defaultConfigurationName = Release;
		};
/* End XCConfigurationList section */
	};
	rootObject = 5696FB41248FBC03008EEEC6 /* Project object */;
}
